// !$*UTF8*$!
{
	archiveVersion = 1;
	classes = {
	};
	objectVersion = 46;
	objects = {

/* Begin PBXBuildFile section */
		28B8CAC7148403CE00FC6177 /* UIKit.framework in Frameworks */ = {isa = PBXBuildFile; fileRef = 28B8CAC6148403CE00FC6177 /* UIKit.framework */; };
		28B8CAC9148403CE00FC6177 /* Foundation.framework in Frameworks */ = {isa = PBXBuildFile; fileRef = 28B8CAC8148403CE00FC6177 /* Foundation.framework */; };
		28B8CACB148403CE00FC6177 /* CoreGraphics.framework in Frameworks */ = {isa = PBXBuildFile; fileRef = 28B8CACA148403CE00FC6177 /* CoreGraphics.framework */; };
		28B8CAD1148403CE00FC6177 /* InfoPlist.strings in Resources */ = {isa = PBXBuildFile; fileRef = 28B8CACF148403CE00FC6177 /* InfoPlist.strings */; };
		28B8CAD3148403CE00FC6177 /* main.m in Sources */ = {isa = PBXBuildFile; fileRef = 28B8CAD2148403CE00FC6177 /* main.m */; };
		28B8CAD7148403CE00FC6177 /* ZTAppDelegate.m in Sources */ = {isa = PBXBuildFile; fileRef = 28B8CAD6148403CE00FC6177 /* ZTAppDelegate.m */; };
		28B8CADA148403CE00FC6177 /* ZTFirstViewController.m in Sources */ = {isa = PBXBuildFile; fileRef = 28B8CAD9148403CE00FC6177 /* ZTFirstViewController.m */; };
		28B8CADC148403CE00FC6177 /* first.png in Resources */ = {isa = PBXBuildFile; fileRef = 28B8CADB148403CE00FC6177 /* first.png */; };
		28B8CADE148403CE00FC6177 /* first@2x.png in Resources */ = {isa = PBXBuildFile; fileRef = 28B8CADD148403CE00FC6177 /* first@2x.png */; };
		28B8CAE1148403CE00FC6177 /* ZTSecondViewController.m in Sources */ = {isa = PBXBuildFile; fileRef = 28B8CAE0148403CE00FC6177 /* ZTSecondViewController.m */; };
		28B8CAE3148403CE00FC6177 /* second.png in Resources */ = {isa = PBXBuildFile; fileRef = 28B8CAE2148403CE00FC6177 /* second.png */; };
		28B8CAE5148403CE00FC6177 /* second@2x.png in Resources */ = {isa = PBXBuildFile; fileRef = 28B8CAE4148403CE00FC6177 /* second@2x.png */; };
		28B8CAE8148403CE00FC6177 /* ZTFirstViewController.xib in Resources */ = {isa = PBXBuildFile; fileRef = 28B8CAE6148403CE00FC6177 /* ZTFirstViewController.xib */; };
		28B8CAEB148403CE00FC6177 /* ZTSecondViewController.xib in Resources */ = {isa = PBXBuildFile; fileRef = 28B8CAE9148403CE00FC6177 /* ZTSecondViewController.xib */; };
		28B8CAF41484062B00FC6177 /* ZTLoginViewController.m in Sources */ = {isa = PBXBuildFile; fileRef = 28B8CAF21484062A00FC6177 /* ZTLoginViewController.m */; };
		28B8CAF51484062B00FC6177 /* ZTLoginViewController.xib in Resources */ = {isa = PBXBuildFile; fileRef = 28B8CAF31484062B00FC6177 /* ZTLoginViewController.xib */; };
		28B8CAF7148406A300FC6177 /* its_a_secret_to_everybody.png in Resources */ = {isa = PBXBuildFile; fileRef = 28B8CAF6148406A300FC6177 /* its_a_secret_to_everybody.png */; };
		28B8CB2714852E1700FC6177 /* QuartzCore.framework in Frameworks */ = {isa = PBXBuildFile; fileRef = 28B8CB2614852E1700FC6177 /* QuartzCore.framework */; };
/* End PBXBuildFile section */

/* Begin PBXFileReference section */
		28B8CAC2148403CE00FC6177 /* viewWillNotAppear.app */ = {isa = PBXFileReference; explicitFileType = wrapper.application; includeInIndex = 0; path = viewWillNotAppear.app; sourceTree = BUILT_PRODUCTS_DIR; };
		28B8CAC6148403CE00FC6177 /* UIKit.framework */ = {isa = PBXFileReference; lastKnownFileType = wrapper.framework; name = UIKit.framework; path = System/Library/Frameworks/UIKit.framework; sourceTree = SDKROOT; };
		28B8CAC8148403CE00FC6177 /* Foundation.framework */ = {isa = PBXFileReference; lastKnownFileType = wrapper.framework; name = Foundation.framework; path = System/Library/Frameworks/Foundation.framework; sourceTree = SDKROOT; };
		28B8CACA148403CE00FC6177 /* CoreGraphics.framework */ = {isa = PBXFileReference; lastKnownFileType = wrapper.framework; name = CoreGraphics.framework; path = System/Library/Frameworks/CoreGraphics.framework; sourceTree = SDKROOT; };
		28B8CACE148403CE00FC6177 /* viewWillNotAppear-Info.plist */ = {isa = PBXFileReference; lastKnownFileType = text.plist.xml; path = "viewWillNotAppear-Info.plist"; sourceTree = "<group>"; };
		28B8CAD0148403CE00FC6177 /* en */ = {isa = PBXFileReference; lastKnownFileType = text.plist.strings; name = en; path = en.lproj/InfoPlist.strings; sourceTree = "<group>"; };
		28B8CAD2148403CE00FC6177 /* main.m */ = {isa = PBXFileReference; lastKnownFileType = sourcecode.c.objc; path = main.m; sourceTree = "<group>"; };
		28B8CAD4148403CE00FC6177 /* viewWillNotAppear-Prefix.pch */ = {isa = PBXFileReference; lastKnownFileType = sourcecode.c.h; path = "viewWillNotAppear-Prefix.pch"; sourceTree = "<group>"; };
		28B8CAD5148403CE00FC6177 /* ZTAppDelegate.h */ = {isa = PBXFileReference; lastKnownFileType = sourcecode.c.h; path = ZTAppDelegate.h; sourceTree = "<group>"; };
		28B8CAD6148403CE00FC6177 /* ZTAppDelegate.m */ = {isa = PBXFileReference; lastKnownFileType = sourcecode.c.objc; path = ZTAppDelegate.m; sourceTree = "<group>"; };
		28B8CAD8148403CE00FC6177 /* ZTFirstViewController.h */ = {isa = PBXFileReference; lastKnownFileType = sourcecode.c.h; path = ZTFirstViewController.h; sourceTree = "<group>"; };
		28B8CAD9148403CE00FC6177 /* ZTFirstViewController.m */ = {isa = PBXFileReference; lastKnownFileType = sourcecode.c.objc; path = ZTFirstViewController.m; sourceTree = "<group>"; };
		28B8CADB148403CE00FC6177 /* first.png */ = {isa = PBXFileReference; lastKnownFileType = image.png; path = first.png; sourceTree = "<group>"; };
		28B8CADD148403CE00FC6177 /* first@2x.png */ = {isa = PBXFileReference; lastKnownFileType = image.png; path = "first@2x.png"; sourceTree = "<group>"; };
		28B8CADF148403CE00FC6177 /* ZTSecondViewController.h */ = {isa = PBXFileReference; lastKnownFileType = sourcecode.c.h; path = ZTSecondViewController.h; sourceTree = "<group>"; };
		28B8CAE0148403CE00FC6177 /* ZTSecondViewController.m */ = {isa = PBXFileReference; lastKnownFileType = sourcecode.c.objc; path = ZTSecondViewController.m; sourceTree = "<group>"; };
		28B8CAE2148403CE00FC6177 /* second.png */ = {isa = PBXFileReference; lastKnownFileType = image.png; path = second.png; sourceTree = "<group>"; };
		28B8CAE4148403CE00FC6177 /* second@2x.png */ = {isa = PBXFileReference; lastKnownFileType = image.png; path = "second@2x.png"; sourceTree = "<group>"; };
		28B8CAE7148403CE00FC6177 /* en */ = {isa = PBXFileReference; lastKnownFileType = file.xib; name = en; path = en.lproj/ZTFirstViewController.xib; sourceTree = "<group>"; };
		28B8CAEA148403CE00FC6177 /* en */ = {isa = PBXFileReference; lastKnownFileType = file.xib; name = en; path = en.lproj/ZTSecondViewController.xib; sourceTree = "<group>"; };
		28B8CAF11484062A00FC6177 /* ZTLoginViewController.h */ = {isa = PBXFileReference; fileEncoding = 4; lastKnownFileType = sourcecode.c.h; path = ZTLoginViewController.h; sourceTree = "<group>"; };
		28B8CAF21484062A00FC6177 /* ZTLoginViewController.m */ = {isa = PBXFileReference; fileEncoding = 4; lastKnownFileType = sourcecode.c.objc; path = ZTLoginViewController.m; sourceTree = "<group>"; };
		28B8CAF31484062B00FC6177 /* ZTLoginViewController.xib */ = {isa = PBXFileReference; fileEncoding = 4; lastKnownFileType = file.xib; path = ZTLoginViewController.xib; sourceTree = "<group>"; };
		28B8CAF6148406A300FC6177 /* its_a_secret_to_everybody.png */ = {isa = PBXFileReference; lastKnownFileType = image.png; path = its_a_secret_to_everybody.png; sourceTree = "<group>"; };
		28B8CB2614852E1700FC6177 /* QuartzCore.framework */ = {isa = PBXFileReference; lastKnownFileType = wrapper.framework; name = QuartzCore.framework; path = System/Library/Frameworks/QuartzCore.framework; sourceTree = SDKROOT; };
/* End PBXFileReference section */

/* Begin PBXFrameworksBuildPhase section */
		28B8CABF148403CE00FC6177 /* Frameworks */ = {
			isa = PBXFrameworksBuildPhase;
			buildActionMask = 2147483647;
			files = (
				28B8CACB148403CE00FC6177 /* CoreGraphics.framework in Frameworks */,
				28B8CB2714852E1700FC6177 /* QuartzCore.framework in Frameworks */,
				28B8CAC7148403CE00FC6177 /* UIKit.framework in Frameworks */,
				28B8CAC9148403CE00FC6177 /* Foundation.framework in Frameworks */,
			);
			runOnlyForDeploymentPostprocessing = 0;
		};
/* End PBXFrameworksBuildPhase section */

/* Begin PBXGroup section */
		28B8CAB7148403CE00FC6177 = {
			isa = PBXGroup;
			children = (
				28B8CB2614852E1700FC6177 /* QuartzCore.framework */,
				28B8CACC148403CE00FC6177 /* viewWillNotAppear */,
				28B8CAC5148403CE00FC6177 /* Frameworks */,
				28B8CAC3148403CE00FC6177 /* Products */,
			);
			sourceTree = "<group>";
		};
		28B8CAC3148403CE00FC6177 /* Products */ = {
			isa = PBXGroup;
			children = (
				28B8CAC2148403CE00FC6177 /* viewWillNotAppear.app */,
			);
			name = Products;
			sourceTree = "<group>";
		};
		28B8CAC5148403CE00FC6177 /* Frameworks */ = {
			isa = PBXGroup;
			children = (
				28B8CAC6148403CE00FC6177 /* UIKit.framework */,
				28B8CAC8148403CE00FC6177 /* Foundation.framework */,
				28B8CACA148403CE00FC6177 /* CoreGraphics.framework */,
			);
			name = Frameworks;
			sourceTree = "<group>";
		};
		28B8CACC148403CE00FC6177 /* viewWillNotAppear */ = {
			isa = PBXGroup;
			children = (
				28B8CAF6148406A300FC6177 /* its_a_secret_to_everybody.png */,
				28B8CAD5148403CE00FC6177 /* ZTAppDelegate.h */,
				28B8CAD6148403CE00FC6177 /* ZTAppDelegate.m */,
				28B8CAD8148403CE00FC6177 /* ZTFirstViewController.h */,
				28B8CAD9148403CE00FC6177 /* ZTFirstViewController.m */,
				28B8CAE6148403CE00FC6177 /* ZTFirstViewController.xib */,
				28B8CADB148403CE00FC6177 /* first.png */,
				28B8CADD148403CE00FC6177 /* first@2x.png */,
				28B8CADF148403CE00FC6177 /* ZTSecondViewController.h */,
				28B8CAE0148403CE00FC6177 /* ZTSecondViewController.m */,
				28B8CAE9148403CE00FC6177 /* ZTSecondViewController.xib */,
				28B8CAE2148403CE00FC6177 /* second.png */,
				28B8CAE4148403CE00FC6177 /* second@2x.png */,
				28B8CAF11484062A00FC6177 /* ZTLoginViewController.h */,
				28B8CAF21484062A00FC6177 /* ZTLoginViewController.m */,
				28B8CAF31484062B00FC6177 /* ZTLoginViewController.xib */,
				28B8CACD148403CE00FC6177 /* Supporting Files */,
			);
			path = viewWillNotAppear;
			sourceTree = "<group>";
		};
		28B8CACD148403CE00FC6177 /* Supporting Files */ = {
			isa = PBXGroup;
			children = (
				28B8CACE148403CE00FC6177 /* viewWillNotAppear-Info.plist */,
				28B8CACF148403CE00FC6177 /* InfoPlist.strings */,
				28B8CAD2148403CE00FC6177 /* main.m */,
				28B8CAD4148403CE00FC6177 /* viewWillNotAppear-Prefix.pch */,
			);
			name = "Supporting Files";
			sourceTree = "<group>";
		};
/* End PBXGroup section */

/* Begin PBXNativeTarget section */
		28B8CAC1148403CE00FC6177 /* viewWillNotAppear */ = {
			isa = PBXNativeTarget;
			buildConfigurationList = 28B8CAEE148403CE00FC6177 /* Build configuration list for PBXNativeTarget "viewWillNotAppear" */;
			buildPhases = (
				28B8CABE148403CE00FC6177 /* Sources */,
				28B8CABF148403CE00FC6177 /* Frameworks */,
				28B8CAC0148403CE00FC6177 /* Resources */,
			);
			buildRules = (
			);
			dependencies = (
			);
			name = viewWillNotAppear;
			productName = viewWillNotAppear;
			productReference = 28B8CAC2148403CE00FC6177 /* viewWillNotAppear.app */;
			productType = "com.apple.product-type.application";
		};
/* End PBXNativeTarget section */

/* Begin PBXProject section */
		28B8CAB9148403CE00FC6177 /* Project object */ = {
			isa = PBXProject;
			attributes = {
				LastUpgradeCheck = 0420;
				ORGANIZATIONNAME = "Zetetic LLC";
			};
			buildConfigurationList = 28B8CABC148403CE00FC6177 /* Build configuration list for PBXProject "viewWillNotAppear" */;
			compatibilityVersion = "Xcode 3.2";
			developmentRegion = English;
			hasScannedForEncodings = 0;
			knownRegions = (
				en,
			);
			mainGroup = 28B8CAB7148403CE00FC6177;
			productRefGroup = 28B8CAC3148403CE00FC6177 /* Products */;
			projectDirPath = "";
			projectRoot = "";
			targets = (
				28B8CAC1148403CE00FC6177 /* viewWillNotAppear */,
			);
		};
/* End PBXProject section */

/* Begin PBXResourcesBuildPhase section */
		28B8CAC0148403CE00FC6177 /* Resources */ = {
			isa = PBXResourcesBuildPhase;
			buildActionMask = 2147483647;
			files = (
				28B8CAD1148403CE00FC6177 /* InfoPlist.strings in Resources */,
				28B8CADC148403CE00FC6177 /* first.png in Resources */,
				28B8CADE148403CE00FC6177 /* first@2x.png in Resources */,
				28B8CAE3148403CE00FC6177 /* second.png in Resources */,
				28B8CAE5148403CE00FC6177 /* second@2x.png in Resources */,
				28B8CAE8148403CE00FC6177 /* ZTFirstViewController.xib in Resources */,
				28B8CAEB148403CE00FC6177 /* ZTSecondViewController.xib in Resources */,
				28B8CAF51484062B00FC6177 /* ZTLoginViewController.xib in Resources */,
				28B8CAF7148406A300FC6177 /* its_a_secret_to_everybody.png in Resources */,
			);
			runOnlyForDeploymentPostprocessing = 0;
		};
/* End PBXResourcesBuildPhase section */

/* Begin PBXSourcesBuildPhase section */
		28B8CABE148403CE00FC6177 /* Sources */ = {
			isa = PBXSourcesBuildPhase;
			buildActionMask = 2147483647;
			files = (
				28B8CAD3148403CE00FC6177 /* main.m in Sources */,
				28B8CAD7148403CE00FC6177 /* ZTAppDelegate.m in Sources */,
				28B8CADA148403CE00FC6177 /* ZTFirstViewController.m in Sources */,
				28B8CAE1148403CE00FC6177 /* ZTSecondViewController.m in Sources */,
				28B8CAF41484062B00FC6177 /* ZTLoginViewController.m in Sources */,
			);
			runOnlyForDeploymentPostprocessing = 0;
		};
/* End PBXSourcesBuildPhase section */

/* Begin PBXVariantGroup section */
		28B8CACF148403CE00FC6177 /* InfoPlist.strings */ = {
			isa = PBXVariantGroup;
			children = (
				28B8CAD0148403CE00FC6177 /* en */,
			);
			name = InfoPlist.strings;
			sourceTree = "<group>";
		};
		28B8CAE6148403CE00FC6177 /* ZTFirstViewController.xib */ = {
			isa = PBXVariantGroup;
			children = (
				28B8CAE7148403CE00FC6177 /* en */,
			);
			name = ZTFirstViewController.xib;
			sourceTree = "<group>";
		};
		28B8CAE9148403CE00FC6177 /* ZTSecondViewController.xib */ = {
			isa = PBXVariantGroup;
			children = (
				28B8CAEA148403CE00FC6177 /* en */,
			);
			name = ZTSecondViewController.xib;
			sourceTree = "<group>";
		};
/* End PBXVariantGroup section */

/* Begin XCBuildConfiguration section */
		28B8CAEC148403CE00FC6177 /* Debug */ = {
			isa = XCBuildConfiguration;
			buildSettings = {
				ALWAYS_SEARCH_USER_PATHS = NO;
				ARCHS = "$(ARCHS_STANDARD_32_BIT)";
				"CODE_SIGN_IDENTITY[sdk=iphoneos*]" = "iPhone Developer";
				COPY_PHASE_STRIP = NO;
				GCC_C_LANGUAGE_STANDARD = gnu99;
				GCC_DYNAMIC_NO_PIC = NO;
				GCC_OPTIMIZATION_LEVEL = 0;
				GCC_PREPROCESSOR_DEFINITIONS = (
					"DEBUG=1",
					"$(inherited)",
				);
				GCC_SYMBOLS_PRIVATE_EXTERN = NO;
				GCC_VERSION = com.apple.compilers.llvm.clang.1_0;
				GCC_WARN_ABOUT_MISSING_PROTOTYPES = YES;
				GCC_WARN_ABOUT_RETURN_TYPE = YES;
				GCC_WARN_UNUSED_VARIABLE = YES;
				IPHONEOS_DEPLOYMENT_TARGET = 5.0;
				SDKROOT = iphoneos;
			};
			name = Debug;
		};
		28B8CAED148403CE00FC6177 /* Release */ = {
			isa = XCBuildConfiguration;
			buildSettings = {
				ALWAYS_SEARCH_USER_PATHS = NO;
				ARCHS = "$(ARCHS_STANDARD_32_BIT)";
				"CODE_SIGN_IDENTITY[sdk=iphoneos*]" = "iPhone Developer";
				COPY_PHASE_STRIP = YES;
				GCC_C_LANGUAGE_STANDARD = gnu99;
				GCC_VERSION = com.apple.compilers.llvm.clang.1_0;
				GCC_WARN_ABOUT_MISSING_PROTOTYPES = YES;
				GCC_WARN_ABOUT_RETURN_TYPE = YES;
				GCC_WARN_UNUSED_VARIABLE = YES;
				IPHONEOS_DEPLOYMENT_TARGET = 5.0;
				OTHER_CFLAGS = "-DNS_BLOCK_ASSERTIONS=1";
				SDKROOT = iphoneos;
				VALIDATE_PRODUCT = YES;
			};
			name = Release;
		};
		28B8CAEF148403CE00FC6177 /* Debug */ = {
			isa = XCBuildConfiguration;
			buildSettings = {
				GCC_PRECOMPILE_PREFIX_HEADER = YES;
				GCC_PREFIX_HEADER = "viewWillNotAppear/viewWillNotAppear-Prefix.pch";
				INFOPLIST_FILE = "viewWillNotAppear/viewWillNotAppear-Info.plist";
				PRODUCT_NAME = "$(TARGET_NAME)";
				WRAPPER_EXTENSION = app;
			};
			name = Debug;
		};
		28B8CAF0148403CE00FC6177 /* Release */ = {
			isa = XCBuildConfiguration;
			buildSettings = {
				GCC_PRECOMPILE_PREFIX_HEADER = YES;
				GCC_PREFIX_HEADER = "viewWillNotAppear/viewWillNotAppear-Prefix.pch";
				INFOPLIST_FILE = "viewWillNotAppear/viewWillNotAppear-Info.plist";
				PRODUCT_NAME = "$(TARGET_NAME)";
				WRAPPER_EXTENSION = app;
			};
			name = Release;
		};
/* End XCBuildConfiguration section */

/* Begin XCConfigurationList section */
		28B8CABC148403CE00FC6177 /* Build configuration list for PBXProject "viewWillNotAppear" */ = {
			isa = XCConfigurationList;
			buildConfigurations = (
				28B8CAEC148403CE00FC6177 /* Debug */,
				28B8CAED148403CE00FC6177 /* Release */,
			);
			defaultConfigurationIsVisible = 0;
			defaultConfigurationName = Release;
		};
		28B8CAEE148403CE00FC6177 /* Build configuration list for PBXNativeTarget "viewWillNotAppear" */ = {
			isa = XCConfigurationList;
			buildConfigurations = (
				28B8CAEF148403CE00FC6177 /* Debug */,
				28B8CAF0148403CE00FC6177 /* Release */,
			);
			defaultConfigurationIsVisible = 0;
		};
/* End XCConfigurationList section */
	};
	rootObject = 28B8CAB9148403CE00FC6177 /* Project object */;
}
